# This file is automatically @generated by Cargo.
# It is not intended for manual editing.
version = 3

[[package]]
name = "adler"
version = "1.0.2"
source = "registry+https://github.com/rust-lang/crates.io-index"
checksum = "f26201604c87b1e01bd3d98f8d5d9a8fcbb815e8cedb41ffccbeb4bf593a35fe"

[[package]]
name = "aliasable"
version = "0.1.3"
source = "registry+https://github.com/rust-lang/crates.io-index"
checksum = "250f629c0161ad8107cf89319e990051fae62832fd343083bea452d93e2205fd"

[[package]]
name = "android-tzdata"
version = "0.1.1"
source = "registry+https://github.com/rust-lang/crates.io-index"
checksum = "e999941b234f3131b00bc13c22d06e8c5ff726d1b6318ac7eb276997bbb4fef0"

[[package]]
name = "android_system_properties"
version = "0.1.5"
source = "registry+https://github.com/rust-lang/crates.io-index"
checksum = "819e7219dbd41043ac279b19830f2efc897156490d7fd6ea916720117ee66311"
dependencies = [
 "libc",
]

[[package]]
name = "anes"
version = "0.1.6"
source = "registry+https://github.com/rust-lang/crates.io-index"
checksum = "4b46cbb362ab8752921c97e041f5e366ee6297bd428a31275b9fcf1e380f7299"

[[package]]
name = "anstyle"
version = "1.0.0"
source = "registry+https://github.com/rust-lang/crates.io-index"
checksum = "41ed9a86bf92ae6580e0a31281f65a1b1d867c0cc68d5346e2ae128dddfa6a7d"

[[package]]
name = "assert_matches"
version = "1.5.0"
source = "registry+https://github.com/rust-lang/crates.io-index"
checksum = "9b34d609dfbaf33d6889b2b7106d3ca345eacad44200913df5ba02bfd31d2ba9"

[[package]]
name = "autocfg"
version = "1.1.0"
source = "registry+https://github.com/rust-lang/crates.io-index"
checksum = "d468802bab17cbc0cc575e9b053f41e72aa36bfa6b7f55e3529ffa43161b97fa"

[[package]]
name = "az"
version = "1.2.1"
source = "registry+https://github.com/rust-lang/crates.io-index"
checksum = "7b7e4c2464d97fe331d41de9d5db0def0a96f4d823b8b32a2efd503578988973"

[[package]]
name = "bincode"
version = "1.3.3"
source = "registry+https://github.com/rust-lang/crates.io-index"
checksum = "b1f45e9417d87227c7a56d22e471c6206462cba514c7590c09aff4cf6d1ddcad"
dependencies = [
 "serde",
]

[[package]]
name = "bitflags"
version = "1.3.2"
source = "registry+https://github.com/rust-lang/crates.io-index"
checksum = "bef38d45163c2f1dde094a7dfd33ccf595c92905c8f8f4fdc18d06fb1037718a"

[[package]]
name = "bitflags"
version = "2.3.3"
source = "registry+https://github.com/rust-lang/crates.io-index"
checksum = "630be753d4e58660abd17930c71b647fe46c27ea6b63cc59e1e3851406972e42"

[[package]]
name = "bstr"
version = "0.2.17"
source = "registry+https://github.com/rust-lang/crates.io-index"
checksum = "ba3569f383e8f1598449f1a423e72e99569137b47740b1da11ef19af3d5c3223"
dependencies = [
 "lazy_static",
 "memchr",
 "regex-automata",
 "serde",
]

[[package]]
name = "buffer-redux"
version = "1.0.0"
source = "registry+https://github.com/rust-lang/crates.io-index"
checksum = "d2886ea01509598caac116942abd33ab5a88fa32acdf7e4abfa0fc489ca520c9"
dependencies = [
 "memchr",
 "safemem",
]

[[package]]
name = "bumpalo"
version = "3.12.0"
source = "registry+https://github.com/rust-lang/crates.io-index"
checksum = "0d261e256854913907f67ed06efbc3338dfe6179796deefc1ff763fc1aee5535"

[[package]]
name = "bytecount"
version = "0.6.3"
source = "registry+https://github.com/rust-lang/crates.io-index"
checksum = "2c676a478f63e9fa2dd5368a42f28bba0d6c560b775f38583c8bbaa7fcd67c9c"

[[package]]
name = "byteorder"
version = "1.4.3"
source = "registry+https://github.com/rust-lang/crates.io-index"
checksum = "14c189c53d098945499cdfa7ecc63567cf3886b3332b312a5b4585d8d3a6a610"

[[package]]
name = "bzip2"
version = "0.4.4"
source = "registry+https://github.com/rust-lang/crates.io-index"
checksum = "bdb116a6ef3f6c3698828873ad02c3014b3c85cadb88496095628e3ef1e347f8"
dependencies = [
 "bzip2-sys",
 "libc",
]

[[package]]
name = "bzip2-sys"
version = "0.1.11+1.0.8"
source = "registry+https://github.com/rust-lang/crates.io-index"
checksum = "736a955f3fa7875102d57c82b8cac37ec45224a07fd32d58f9f7a186b6cd4cdc"
dependencies = [
 "cc",
 "libc",
 "pkg-config",
]

[[package]]
name = "camino"
version = "1.1.6"
source = "registry+https://github.com/rust-lang/crates.io-index"
checksum = "c59e92b5a388f549b863a7bea62612c09f24c8393560709a54558a9abdfb3b9c"

[[package]]
name = "capnp"
version = "0.14.11"
source = "registry+https://github.com/rust-lang/crates.io-index"
checksum = "2dca085c2c7d9d65ad749d450b19b551efaa8e3476a439bdca07aca8533097f3"

[[package]]
name = "cast"
version = "0.3.0"
source = "registry+https://github.com/rust-lang/crates.io-index"
checksum = "37b2a672a2cb129a2e41c10b1224bb368f9f37a2b16b612598138befd7b37eb5"

[[package]]
name = "cc"
version = "1.0.73"
source = "registry+https://github.com/rust-lang/crates.io-index"
checksum = "2fff2a6927b3bb87f9595d67196a70493f627687a71d87a0d692242c33f58c11"

[[package]]
name = "cfg-if"
version = "1.0.0"
source = "registry+https://github.com/rust-lang/crates.io-index"
checksum = "baf1de4339761588bc0619e3cbc0120ee582ebb74b53b4efbf79117bd2da40fd"

[[package]]
name = "chrono"
version = "0.4.30"
source = "registry+https://github.com/rust-lang/crates.io-index"
checksum = "defd4e7873dbddba6c7c91e199c7fcb946abc4a6a4ac3195400bcfb01b5de877"
dependencies = [
 "android-tzdata",
 "iana-time-zone",
 "js-sys",
 "num-traits",
 "wasm-bindgen",
 "windows-targets",
]

[[package]]
name = "ciborium"
version = "0.2.1"
source = "registry+https://github.com/rust-lang/crates.io-index"
checksum = "effd91f6c78e5a4ace8a5d3c0b6bfaec9e2baaef55f3efc00e45fb2e477ee926"
dependencies = [
 "ciborium-io",
 "ciborium-ll",
 "serde",
]

[[package]]
name = "ciborium-io"
version = "0.2.1"
source = "registry+https://github.com/rust-lang/crates.io-index"
checksum = "cdf919175532b369853f5d5e20b26b43112613fd6fe7aee757e35f7a44642656"

[[package]]
name = "ciborium-ll"
version = "0.2.1"
source = "registry+https://github.com/rust-lang/crates.io-index"
checksum = "defaa24ecc093c77630e6c15e17c51f5e187bf35ee514f4e2d67baaa96dae22b"
dependencies = [
 "ciborium-io",
 "half",
]

[[package]]
name = "clap"
version = "4.3.0"
source = "registry+https://github.com/rust-lang/crates.io-index"
checksum = "93aae7a4192245f70fe75dd9157fc7b4a5bf53e88d30bd4396f7d8f9284d5acc"
dependencies = [
 "clap_builder",
]

[[package]]
name = "clap_builder"
version = "4.3.0"
source = "registry+https://github.com/rust-lang/crates.io-index"
checksum = "4f423e341edefb78c9caba2d9c7f7687d0e72e89df3ce3394554754393ac3990"
dependencies = [
 "anstyle",
 "bitflags 1.3.2",
 "clap_lex",
]

[[package]]
name = "clap_lex"
version = "0.5.0"
source = "registry+https://github.com/rust-lang/crates.io-index"
checksum = "2da6da31387c7e4ef160ffab6d5e7f00c42626fe39aea70a7b0f1773f7dd6c1b"

[[package]]
name = "codepage-437"
version = "0.1.0"
source = "registry+https://github.com/rust-lang/crates.io-index"
checksum = "e40c1169585d8d08e5675a39f2fc056cd19a258fc4cba5e3bbf4a9c1026de535"
dependencies = [
 "csv",
]

[[package]]
name = "codespan-reporting"
version = "0.11.1"
source = "registry+https://github.com/rust-lang/crates.io-index"
checksum = "3538270d33cc669650c4b093848450d380def10c331d38c768e34cac80576e6e"
dependencies = [
 "termcolor",
 "unicode-width",
]

[[package]]
name = "console_error_panic_hook"
version = "0.1.7"
source = "registry+https://github.com/rust-lang/crates.io-index"
checksum = "a06aeb73f470f66dcdbf7223caeebb85984942f22f1adb2a088cf9668146bbbc"
dependencies = [
 "cfg-if",
 "wasm-bindgen",
]

[[package]]
name = "core-foundation-sys"
version = "0.8.3"
source = "registry+https://github.com/rust-lang/crates.io-index"
checksum = "5827cebf4670468b8772dd191856768aedcb1b0278a04f989f7766351917b9dc"

[[package]]
name = "counter"
version = "0.5.7"
source = "registry+https://github.com/rust-lang/crates.io-index"
checksum = "2d458e66999348f56fd3ffcfbb7f7951542075ca8359687c703de6500c1ddccd"
dependencies = [
 "num-traits",
]

[[package]]
name = "crc32fast"
version = "1.3.2"
source = "registry+https://github.com/rust-lang/crates.io-index"
checksum = "b540bd8bc810d3885c6ea91e2018302f68baba2129ab3e88f32389ee9370880d"
dependencies = [
 "cfg-if",
]

[[package]]
name = "criterion"
version = "0.5.1"
source = "registry+https://github.com/rust-lang/crates.io-index"
checksum = "f2b12d017a929603d80db1831cd3a24082f8137ce19c69e6447f54f5fc8d692f"
dependencies = [
 "anes",
 "cast",
 "ciborium",
 "clap",
 "criterion-plot",
 "is-terminal",
 "itertools 0.10.3",
 "num-traits",
 "once_cell",
 "oorandom",
 "plotters",
 "rayon",
 "regex",
 "serde",
 "serde_derive",
 "serde_json",
 "tinytemplate",
 "walkdir",
]

[[package]]
name = "criterion-plot"
version = "0.5.0"
source = "registry+https://github.com/rust-lang/crates.io-index"
checksum = "6b50826342786a51a89e2da3a28f1c32b06e387201bc2d19791f622c673706b1"
dependencies = [
 "cast",
 "itertools 0.10.3",
]

[[package]]
name = "crossbeam-channel"
version = "0.5.8"
source = "registry+https://github.com/rust-lang/crates.io-index"
checksum = "a33c2bf77f2df06183c3aa30d1e96c0695a313d4f9c453cc3762a6db39f99200"
dependencies = [
 "cfg-if",
 "crossbeam-utils",
]

[[package]]
name = "crossbeam-deque"
version = "0.8.1"
source = "registry+https://github.com/rust-lang/crates.io-index"
checksum = "6455c0ca19f0d2fbf751b908d5c55c1f5cbc65e03c4225427254b46890bdde1e"
dependencies = [
 "cfg-if",
 "crossbeam-epoch",
 "crossbeam-utils",
]

[[package]]
name = "crossbeam-epoch"
version = "0.9.7"
source = "registry+https://github.com/rust-lang/crates.io-index"
checksum = "c00d6d2ea26e8b151d99093005cb442fb9a37aeaca582a03ec70946f49ab5ed9"
dependencies = [
 "cfg-if",
 "crossbeam-utils",
 "lazy_static",
 "memoffset",
 "scopeguard",
]

[[package]]
name = "crossbeam-utils"
version = "0.8.7"
source = "registry+https://github.com/rust-lang/crates.io-index"
checksum = "b5e5bed1f1c269533fa816a0a5492b3545209a205ca1a54842be180eb63a16a6"
dependencies = [
 "cfg-if",
 "lazy_static",
]

[[package]]
name = "csv"
version = "1.1.6"
source = "registry+https://github.com/rust-lang/crates.io-index"
checksum = "22813a6dc45b335f9bade10bf7271dc477e81113e89eb251a0bc2a8a81c536e1"
dependencies = [
 "bstr",
 "csv-core",
 "itoa 0.4.8",
 "ryu",
 "serde",
]

[[package]]
name = "csv-core"
version = "0.1.10"
source = "registry+https://github.com/rust-lang/crates.io-index"
checksum = "2b2466559f260f48ad25fe6317b3c8dac77b5bdb5763ac7d9d6103530663bc90"
dependencies = [
 "memchr",
]

[[package]]
name = "cxx"
version = "1.0.85"
source = "registry+https://github.com/rust-lang/crates.io-index"
checksum = "5add3fc1717409d029b20c5b6903fc0c0b02fa6741d820054f4a2efa5e5816fd"
dependencies = [
 "cc",
 "cxxbridge-flags",
 "cxxbridge-macro",
 "link-cplusplus",
]

[[package]]
name = "cxx-build"
version = "1.0.85"
source = "registry+https://github.com/rust-lang/crates.io-index"
checksum = "b4c87959ba14bc6fbc61df77c3fcfe180fc32b93538c4f1031dd802ccb5f2ff0"
dependencies = [
 "cc",
 "codespan-reporting",
 "once_cell",
 "proc-macro2",
 "quote",
 "scratch",
 "syn 1.0.104",
]

[[package]]
name = "cxxbridge-flags"
version = "1.0.85"
source = "registry+https://github.com/rust-lang/crates.io-index"
checksum = "69a3e162fde4e594ed2b07d0f83c6c67b745e7f28ce58c6df5e6b6bef99dfb59"

[[package]]
name = "cxxbridge-macro"
version = "1.0.85"
source = "registry+https://github.com/rust-lang/crates.io-index"
checksum = "3e7e2adeb6a0d4a282e581096b06e1791532b7d576dcde5ccd9382acf55db8e6"
dependencies = [
 "proc-macro2",
 "quote",
 "syn 1.0.104",
]

[[package]]
name = "either"
version = "1.6.1"
source = "registry+https://github.com/rust-lang/crates.io-index"
checksum = "e78d4f1cc4ae33bbfc157ed5d5a5ef3bc29227303d595861deb238fcec4e9457"

[[package]]
name = "errno"
version = "0.3.1"
source = "registry+https://github.com/rust-lang/crates.io-index"
checksum = "4bcfec3a70f97c962c307b2d2c56e358cf1d00b558d74262b5f929ee8cc7e73a"
dependencies = [
 "errno-dragonfly",
 "libc",
 "windows-sys",
]

[[package]]
name = "errno-dragonfly"
version = "0.1.2"
source = "registry+https://github.com/rust-lang/crates.io-index"
checksum = "aa68f1b12764fab894d2755d2518754e71b4fd80ecfb822714a1206c2aab39bf"
dependencies = [
 "cc",
 "libc",
]

[[package]]
name = "fastrand"
version = "2.0.0"
source = "registry+https://github.com/rust-lang/crates.io-index"
checksum = "6999dc1837253364c2ebb0704ba97994bd874e8f195d665c50b7548f6ea92764"

[[package]]
name = "finch"
version = "0.6.0"
source = "registry+https://github.com/rust-lang/crates.io-index"
checksum = "0f4b8b623c5c3af6c407c47231c75563722a5f49f99da2f6376866e154b9bf39"
dependencies = [
 "bincode",
 "capnp",
 "memmap",
 "murmurhash3",
 "needletail",
 "rayon",
 "serde",
 "serde_json",
 "thiserror",
]

[[package]]
name = "fixedbitset"
version = "0.4.2"
source = "registry+https://github.com/rust-lang/crates.io-index"
checksum = "0ce7134b9999ecaf8bcd65542e436736ef32ddca1b3e06094cb6ec5755203b80"

[[package]]
name = "flate2"
version = "1.0.22"
source = "registry+https://github.com/rust-lang/crates.io-index"
checksum = "1e6988e897c1c9c485f43b47a529cef42fde0547f9d8d41a7062518f1d8fc53f"
dependencies = [
 "cfg-if",
 "crc32fast",
 "libc",
 "miniz_oxide",
]

[[package]]
name = "getrandom"
version = "0.2.10"
source = "registry+https://github.com/rust-lang/crates.io-index"
checksum = "be4136b2a15dd319360be1c07d9933517ccf0be8f16bf62a3bee4f0d618df427"
dependencies = [
 "cfg-if",
 "js-sys",
 "libc",
 "wasi",
 "wasm-bindgen",
]

[[package]]
name = "getset"
version = "0.1.2"
source = "registry+https://github.com/rust-lang/crates.io-index"
checksum = "e45727250e75cc04ff2846a66397da8ef2b3db8e40e0cef4df67950a07621eb9"
dependencies = [
 "proc-macro-error",
 "proc-macro2",
 "quote",
 "syn 1.0.104",
]

[[package]]
name = "half"
version = "1.8.2"
source = "registry+https://github.com/rust-lang/crates.io-index"
checksum = "eabb4a44450da02c90444cf74558da904edde8fb4e9035a9a6a4e15445af0bd7"

[[package]]
name = "heck"
version = "0.4.1"
source = "registry+https://github.com/rust-lang/crates.io-index"
checksum = "95505c38b4572b2d910cecb0281560f54b440a19336cbbcb27bf6ce6adc6f5a8"

[[package]]
name = "hermit-abi"
version = "0.1.19"
source = "registry+https://github.com/rust-lang/crates.io-index"
checksum = "62b467343b94ba476dcb2500d242dadbb39557df889310ac77c5d99100aaac33"
dependencies = [
 "libc",
]

[[package]]
name = "hermit-abi"
version = "0.3.2"
source = "registry+https://github.com/rust-lang/crates.io-index"
checksum = "443144c8cdadd93ebf52ddb4056d257f5b52c04d3c804e657d19eb73fc33668b"

[[package]]
name = "iana-time-zone"
version = "0.1.53"
source = "registry+https://github.com/rust-lang/crates.io-index"
checksum = "64c122667b287044802d6ce17ee2ddf13207ed924c712de9a66a5814d5b64765"
dependencies = [
 "android_system_properties",
 "core-foundation-sys",
 "iana-time-zone-haiku",
 "js-sys",
 "wasm-bindgen",
 "winapi",
]

[[package]]
name = "iana-time-zone-haiku"
version = "0.1.1"
source = "registry+https://github.com/rust-lang/crates.io-index"
checksum = "0703ae284fc167426161c2e3f1da3ea71d94b21bedbcc9494e92b28e334e3dca"
dependencies = [
 "cxx",
 "cxx-build",
]

[[package]]
name = "io-lifetimes"
version = "1.0.11"
source = "registry+https://github.com/rust-lang/crates.io-index"
checksum = "eae7b9aee968036d54dce06cebaefd919e4472e753296daccd6d344e3e2df0c2"
dependencies = [
 "hermit-abi 0.3.2",
 "libc",
 "windows-sys",
]

[[package]]
name = "is-terminal"
version = "0.4.7"
source = "registry+https://github.com/rust-lang/crates.io-index"
checksum = "adcf93614601c8129ddf72e2d5633df827ba6551541c6d8c59520a371475be1f"
dependencies = [
 "hermit-abi 0.3.2",
 "io-lifetimes",
 "rustix 0.37.20",
 "windows-sys",
]

[[package]]
name = "itertools"
version = "0.10.3"
source = "registry+https://github.com/rust-lang/crates.io-index"
checksum = "a9a9d19fa1e79b6215ff29b9d6880b706147f16e9b1dbb1e4e5947b5b02bc5e3"
dependencies = [
 "either",
]

[[package]]
name = "itertools"
version = "0.11.0"
source = "registry+https://github.com/rust-lang/crates.io-index"
checksum = "b1c173a5686ce8bfa551b3563d0c2170bf24ca44da99c7ca4bfdab5418c3fe57"
dependencies = [
 "either",
]

[[package]]
name = "itoa"
version = "0.4.8"
source = "registry+https://github.com/rust-lang/crates.io-index"
checksum = "b71991ff56294aa922b450139ee08b3bfc70982c6b2c7562771375cf73542dd4"

[[package]]
name = "itoa"
version = "1.0.1"
source = "registry+https://github.com/rust-lang/crates.io-index"
checksum = "1aab8fc367588b89dcee83ab0fd66b72b50b72fa1904d7095045ace2b0c81c35"

[[package]]
name = "js-sys"
version = "0.3.64"
source = "registry+https://github.com/rust-lang/crates.io-index"
checksum = "c5f195fe497f702db0f318b07fdd68edb16955aed830df8363d837542f8f935a"
dependencies = [
 "wasm-bindgen",
]

[[package]]
name = "lazy_static"
version = "1.4.0"
source = "registry+https://github.com/rust-lang/crates.io-index"
checksum = "e2abad23fbc42b3700f2f279844dc832adb2b2eb069b2df918f455c4e18cc646"

[[package]]
name = "libc"
version = "0.2.146"
source = "registry+https://github.com/rust-lang/crates.io-index"
checksum = "f92be4933c13fd498862a9e02a3055f8a8d9c039ce33db97306fd5a6caa7f29b"

[[package]]
name = "libm"
version = "0.2.6"
source = "registry+https://github.com/rust-lang/crates.io-index"
checksum = "348108ab3fba42ec82ff6e9564fc4ca0247bdccdc68dd8af9764bbc79c3c8ffb"

[[package]]
name = "link-cplusplus"
version = "1.0.8"
source = "registry+https://github.com/rust-lang/crates.io-index"
checksum = "ecd207c9c713c34f95a097a5b029ac2ce6010530c7b49d7fea24d977dede04f5"
dependencies = [
 "cc",
]

[[package]]
name = "linux-raw-sys"
version = "0.3.8"
source = "registry+https://github.com/rust-lang/crates.io-index"
checksum = "ef53942eb7bf7ff43a617b3e2c1c4a5ecf5944a7c1bc12d7ee39bbb15e5c1519"

[[package]]
name = "linux-raw-sys"
version = "0.4.3"
source = "registry+https://github.com/rust-lang/crates.io-index"
checksum = "09fc20d2ca12cb9f044c93e3bd6d32d523e6e2ec3db4f7b2939cd99026ecd3f0"

[[package]]
name = "log"
version = "0.4.20"
source = "registry+https://github.com/rust-lang/crates.io-index"
checksum = "b5e6163cb8c49088c2c36f57875e58ccd8c87c7427f7fbd50ea6710b2f3f2e8f"

[[package]]
name = "lzma-sys"
version = "0.1.17"
source = "registry+https://github.com/rust-lang/crates.io-index"
checksum = "bdb4b7c3eddad11d3af9e86c487607d2d2442d185d848575365c4856ba96d619"
dependencies = [
 "cc",
 "libc",
 "pkg-config",
]

[[package]]
name = "md5"
version = "0.7.0"
source = "registry+https://github.com/rust-lang/crates.io-index"
checksum = "490cc448043f947bae3cbee9c203358d62dbee0db12107a74be5c30ccfd09771"

[[package]]
name = "memchr"
version = "2.4.1"
source = "registry+https://github.com/rust-lang/crates.io-index"
checksum = "308cc39be01b73d0d18f82a0e7b2a3df85245f84af96fdddc5d202d27e47b86a"

[[package]]
name = "memmap"
version = "0.7.0"
source = "registry+https://github.com/rust-lang/crates.io-index"
checksum = "6585fd95e7bb50d6cc31e20d4cf9afb4e2ba16c5846fc76793f11218da9c475b"
dependencies = [
 "libc",
 "winapi",
]

[[package]]
name = "memmap2"
version = "0.7.1"
source = "registry+https://github.com/rust-lang/crates.io-index"
checksum = "f49388d20533534cd19360ad3d6a7dadc885944aa802ba3995040c5ec11288c6"
dependencies = [
 "libc",
]

[[package]]
name = "memoffset"
version = "0.6.5"
source = "registry+https://github.com/rust-lang/crates.io-index"
checksum = "5aa361d4faea93603064a027415f07bd8e1d5c88c9fbf68bf56a285428fd79ce"
dependencies = [
 "autocfg",
]

[[package]]
name = "miniz_oxide"
version = "0.4.4"
source = "registry+https://github.com/rust-lang/crates.io-index"
checksum = "a92518e98c078586bc6c934028adcca4c92a53d6a958196de835170a01d84e4b"
dependencies = [
 "adler",
 "autocfg",
]

[[package]]
name = "murmurhash3"
version = "0.0.5"
source = "registry+https://github.com/rust-lang/crates.io-index"
checksum = "a2983372caf4480544083767bf2d27defafe32af49ab4df3a0b7fc90793a3664"

[[package]]
name = "needletail"
version = "0.5.1"
source = "registry+https://github.com/rust-lang/crates.io-index"
checksum = "db05a5ab397f64070d8c998fa0fbb84e484b81f95752af317dac183a82d9295d"
dependencies = [
 "buffer-redux",
 "bytecount",
 "bzip2",
 "flate2",
 "memchr",
 "xz2",
]

[[package]]
name = "niffler"
version = "2.4.0"
source = "registry+https://github.com/rust-lang/crates.io-index"
checksum = "68c7ffd42bdba05fc9fbfda31283d44c5c8a88fed1a191f68795dba23cc8204b"
dependencies = [
 "cfg-if",
 "flate2",
 "thiserror",
]

[[package]]
name = "nohash-hasher"
version = "0.2.0"
source = "registry+https://github.com/rust-lang/crates.io-index"
checksum = "2bf50223579dc7cdcfb3bfcacf7069ff68243f8c363f62ffa99cf000a6b9c451"

[[package]]
name = "num-integer"
version = "0.1.44"
source = "registry+https://github.com/rust-lang/crates.io-index"
checksum = "d2cc698a63b549a70bc047073d2949cce27cd1c7b0a4a862d08a8031bc2801db"
dependencies = [
 "autocfg",
 "num-traits",
]

[[package]]
name = "num-iter"
version = "0.1.43"
source = "registry+https://github.com/rust-lang/crates.io-index"
checksum = "7d03e6c028c5dc5cac6e2dec0efda81fc887605bb3d884578bb6d6bf7514e252"
dependencies = [
 "autocfg",
 "num-integer",
 "num-traits",
]

[[package]]
name = "num-traits"
version = "0.2.15"
source = "registry+https://github.com/rust-lang/crates.io-index"
checksum = "578ede34cf02f8924ab9447f50c28075b4d3e5b269972345e7e0372b38c6cdcd"
dependencies = [
 "autocfg",
 "libm",
]

[[package]]
name = "num_cpus"
version = "1.13.1"
source = "registry+https://github.com/rust-lang/crates.io-index"
checksum = "19e64526ebdee182341572e50e9ad03965aa510cd94427a4549448f285e957a1"
dependencies = [
 "hermit-abi 0.1.19",
 "libc",
]

[[package]]
name = "once_cell"
version = "1.18.0"
source = "registry+https://github.com/rust-lang/crates.io-index"
checksum = "dd8b5dd2ae5ed71462c540258bedcb51965123ad7e7ccf4b9a8cafaa4a63576d"

[[package]]
name = "oorandom"
version = "11.1.3"
source = "registry+https://github.com/rust-lang/crates.io-index"
checksum = "0ab1bc2a289d34bd04a330323ac98a1b4bc82c9d9fcb1e66b63caa84da26b575"

[[package]]
name = "ouroboros"
version = "0.18.0"
source = "registry+https://github.com/rust-lang/crates.io-index"
checksum = "1c86de06555b970aec45229b27291b53154f21a5743a163419f4e4c0b065dcde"
dependencies = [
 "aliasable",
 "ouroboros_macro",
 "static_assertions",
]

[[package]]
name = "ouroboros_macro"
version = "0.18.0"
source = "registry+https://github.com/rust-lang/crates.io-index"
checksum = "8cad0c4b129e9696e37cb712b243777b90ef489a0bfaa0ac34e7d9b860e4f134"
dependencies = [
 "heck",
 "itertools 0.11.0",
 "proc-macro-error",
 "proc-macro2",
 "quote",
 "syn 2.0.23",
]

[[package]]
name = "piz"
version = "0.5.1"
source = "registry+https://github.com/rust-lang/crates.io-index"
checksum = "898b071c1938a2c92b95c18708cbf38f2566a01f0ab9dd7bdf4329987e5c2e17"
dependencies = [
 "camino",
 "chrono",
 "codepage-437",
 "crc32fast",
 "flate2",
 "log",
 "memchr",
 "thiserror",
]

[[package]]
name = "pkg-config"
version = "0.3.24"
source = "registry+https://github.com/rust-lang/crates.io-index"
checksum = "58893f751c9b0412871a09abd62ecd2a00298c6c83befa223ef98c52aef40cbe"

[[package]]
name = "plotters"
version = "0.3.1"
source = "registry+https://github.com/rust-lang/crates.io-index"
checksum = "32a3fd9ec30b9749ce28cd91f255d569591cdf937fe280c312143e3c4bad6f2a"
dependencies = [
 "num-traits",
 "plotters-backend",
 "plotters-svg",
 "wasm-bindgen",
 "web-sys",
]

[[package]]
name = "plotters-backend"
version = "0.3.2"
source = "registry+https://github.com/rust-lang/crates.io-index"
checksum = "d88417318da0eaf0fdcdb51a0ee6c3bed624333bff8f946733049380be67ac1c"

[[package]]
name = "plotters-svg"
version = "0.3.1"
source = "registry+https://github.com/rust-lang/crates.io-index"
checksum = "521fa9638fa597e1dc53e9412a4f9cefb01187ee1f7413076f9e6749e2885ba9"
dependencies = [
 "plotters-backend",
]

[[package]]
name = "ppv-lite86"
version = "0.2.16"
source = "registry+https://github.com/rust-lang/crates.io-index"
checksum = "eb9f9e6e233e5c4a35559a617bf40a4ec447db2e84c20b55a6f83167b7e57872"

[[package]]
name = "primal-check"
version = "0.3.3"
source = "registry+https://github.com/rust-lang/crates.io-index"
checksum = "9df7f93fd637f083201473dab4fee2db4c429d32e55e3299980ab3957ab916a0"
dependencies = [
 "num-integer",
]

[[package]]
name = "proc-macro-error"
version = "1.0.4"
source = "registry+https://github.com/rust-lang/crates.io-index"
checksum = "da25490ff9892aab3fcf7c36f08cfb902dd3e71ca0f9f9517bea02a73a5ce38c"
dependencies = [
 "proc-macro-error-attr",
 "proc-macro2",
 "quote",
 "syn 1.0.104",
 "version_check",
]

[[package]]
name = "proc-macro-error-attr"
version = "1.0.4"
source = "registry+https://github.com/rust-lang/crates.io-index"
checksum = "a1be40180e52ecc98ad80b184934baf3d0d29f979574e439af5a55274b35f869"
dependencies = [
 "proc-macro2",
 "quote",
 "version_check",
]

[[package]]
name = "proc-macro2"
version = "1.0.63"
source = "registry+https://github.com/rust-lang/crates.io-index"
checksum = "7b368fba921b0dce7e60f5e04ec15e565b3303972b42bcfde1d0713b881959eb"
dependencies = [
 "unicode-ident",
]

[[package]]
name = "proptest"
version = "1.2.0"
source = "registry+https://github.com/rust-lang/crates.io-index"
checksum = "4e35c06b98bf36aba164cc17cb25f7e232f5c4aeea73baa14b8a9f0d92dbfa65"
dependencies = [
 "bitflags 1.3.2",
 "byteorder",
 "lazy_static",
 "num-traits",
 "rand",
 "rand_chacha",
 "rand_xorshift",
 "regex-syntax",
 "unarray",
]

[[package]]
name = "quote"
version = "1.0.29"
source = "registry+https://github.com/rust-lang/crates.io-index"
checksum = "573015e8ab27661678357f27dc26460738fd2b6c86e46f386fde94cb5d913105"
dependencies = [
 "proc-macro2",
]

[[package]]
name = "rand"
version = "0.8.5"
source = "registry+https://github.com/rust-lang/crates.io-index"
checksum = "34af8d1a0e25924bc5b7c43c079c942339d8f0a8b57c39049bef581b46327404"
dependencies = [
 "libc",
 "rand_chacha",
 "rand_core",
]

[[package]]
name = "rand_chacha"
version = "0.3.1"
source = "registry+https://github.com/rust-lang/crates.io-index"
checksum = "e6c10a63a0fa32252be49d21e7709d4d4baf8d231c2dbce1eaa8141b9b127d88"
dependencies = [
 "ppv-lite86",
 "rand_core",
]

[[package]]
name = "rand_core"
version = "0.6.3"
source = "registry+https://github.com/rust-lang/crates.io-index"
checksum = "d34f1408f55294453790c48b2f1ebbb1c5b4b7563eb1f418bcfcfdbb06ebb4e7"
dependencies = [
 "getrandom",
]

[[package]]
name = "rand_xorshift"
version = "0.3.0"
source = "registry+https://github.com/rust-lang/crates.io-index"
checksum = "d25bf25ec5ae4a3f1b92f929810509a2f53d7dca2f50b794ff57e3face536c8f"
dependencies = [
 "rand_core",
]

[[package]]
name = "rayon"
version = "1.7.0"
source = "registry+https://github.com/rust-lang/crates.io-index"
checksum = "1d2df5196e37bcc87abebc0053e20787d73847bb33134a69841207dd0a47f03b"
dependencies = [
 "either",
 "rayon-core",
]

[[package]]
name = "rayon-core"
version = "1.11.0"
source = "registry+https://github.com/rust-lang/crates.io-index"
checksum = "4b8f95bd6966f5c87776639160a66bd8ab9895d9d4ab01ddba9fc60661aebe8d"
dependencies = [
 "crossbeam-channel",
 "crossbeam-deque",
 "crossbeam-utils",
 "num_cpus",
]

[[package]]
name = "redox_syscall"
version = "0.3.5"
source = "registry+https://github.com/rust-lang/crates.io-index"
checksum = "567664f262709473930a4bf9e51bf2ebf3348f2e748ccc50dea20646858f8f29"
dependencies = [
 "bitflags 1.3.2",
]

[[package]]
name = "regex"
version = "1.5.6"
source = "registry+https://github.com/rust-lang/crates.io-index"
checksum = "d83f127d94bdbcda4c8cc2e50f6f84f4b611f69c902699ca385a39c3a75f9ff1"
dependencies = [
 "regex-syntax",
]

[[package]]
name = "regex-automata"
version = "0.1.10"
source = "registry+https://github.com/rust-lang/crates.io-index"
checksum = "6c230d73fb8d8c1b9c0b3135c5142a8acee3a0558fb8db5cf1cb65f8d7862132"

[[package]]
name = "regex-syntax"
version = "0.6.26"
source = "registry+https://github.com/rust-lang/crates.io-index"
checksum = "49b3de9ec5dc0a3417da371aab17d729997c15010e7fd24ff707773a33bddb64"

[[package]]
name = "rustix"
version = "0.37.20"
source = "registry+https://github.com/rust-lang/crates.io-index"
checksum = "b96e891d04aa506a6d1f318d2771bcb1c7dfda84e126660ace067c9b474bb2c0"
dependencies = [
 "bitflags 1.3.2",
 "errno",
 "io-lifetimes",
 "libc",
 "linux-raw-sys 0.3.8",
 "windows-sys",
]

[[package]]
name = "rustix"
version = "0.38.3"
source = "registry+https://github.com/rust-lang/crates.io-index"
checksum = "ac5ffa1efe7548069688cd7028f32591853cd7b5b756d41bcffd2353e4fc75b4"
dependencies = [
 "bitflags 2.3.3",
 "errno",
 "libc",
 "linux-raw-sys 0.4.3",
 "windows-sys",
]

[[package]]
name = "ryu"
version = "1.0.9"
source = "registry+https://github.com/rust-lang/crates.io-index"
checksum = "73b4b750c782965c211b42f022f59af1fbceabdd026623714f104152f1ec149f"

[[package]]
name = "safemem"
version = "0.3.3"
source = "registry+https://github.com/rust-lang/crates.io-index"
checksum = "ef703b7cb59335eae2eb93ceb664c0eb7ea6bf567079d843e09420219668e072"

[[package]]
name = "same-file"
version = "1.0.6"
source = "registry+https://github.com/rust-lang/crates.io-index"
checksum = "93fc1dc3aaa9bfed95e02e6eadabb4baf7e3078b0bd1b4d7b6b0b68378900502"
dependencies = [
 "winapi-util",
]

[[package]]
name = "scoped-tls"
version = "1.0.0"
source = "registry+https://github.com/rust-lang/crates.io-index"
checksum = "ea6a9290e3c9cf0f18145ef7ffa62d68ee0bf5fcd651017e586dc7fd5da448c2"

[[package]]
name = "scopeguard"
version = "1.1.0"
source = "registry+https://github.com/rust-lang/crates.io-index"
checksum = "d29ab0c6d3fc0ee92fe66e2d99f700eab17a8d57d1c1d3b748380fb20baa78cd"

[[package]]
name = "scratch"
version = "1.0.3"
source = "registry+https://github.com/rust-lang/crates.io-index"
checksum = "ddccb15bcce173023b3fedd9436f882a0739b8dfb45e4f6b6002bee5929f61b2"

[[package]]
name = "serde"
version = "1.0.168"
source = "registry+https://github.com/rust-lang/crates.io-index"
checksum = "d614f89548720367ded108b3c843be93f3a341e22d5674ca0dd5cd57f34926af"
dependencies = [
 "serde_derive",
]

[[package]]
name = "serde_derive"
version = "1.0.168"
source = "registry+https://github.com/rust-lang/crates.io-index"
checksum = "d4fe589678c688e44177da4f27152ee2d190757271dc7f1d5b6b9f68d869d641"
dependencies = [
 "proc-macro2",
 "quote",
 "syn 2.0.23",
]

[[package]]
name = "serde_json"
version = "1.0.106"
source = "registry+https://github.com/rust-lang/crates.io-index"
checksum = "2cc66a619ed80bf7a0f6b17dd063a84b88f6dea1813737cf469aef1d081142c2"
dependencies = [
 "itoa 1.0.1",
 "ryu",
 "serde",
]

[[package]]
name = "smallvec"
version = "1.8.0"
source = "registry+https://github.com/rust-lang/crates.io-index"
checksum = "f2dd574626839106c320a323308629dcb1acfc96e32a8cba364ddc61ac23ee83"

[[package]]
name = "sorted-iter"
version = "0.1.8"
source = "registry+https://github.com/rust-lang/crates.io-index"
checksum = "9f1341053f34bb13b5e9590afb7d94b48b48d4b87467ec28e3c238693bb553de"

[[package]]
name = "sourmash"
version = "0.11.0"
dependencies = [
 "assert_matches",
 "az",
 "bytecount",
 "byteorder",
 "cfg-if",
 "chrono",
 "counter",
 "criterion",
 "finch",
 "fixedbitset",
 "getrandom",
 "getset",
 "log",
 "md5",
 "memmap2",
 "murmurhash3",
 "needletail",
 "niffler",
 "nohash-hasher",
 "num-iter",
 "once_cell",
 "ouroboros",
 "piz",
 "primal-check",
 "proptest",
 "rand",
 "rayon",
 "serde",
 "serde_json",
 "tempfile",
 "thiserror",
 "twox-hash",
 "typed-builder",
 "vec-collections",
 "wasm-bindgen",
 "wasm-bindgen-test",
 "web-sys",
]

[[package]]
name = "static_assertions"
version = "1.1.0"
source = "registry+https://github.com/rust-lang/crates.io-index"
checksum = "a2eb9349b6444b326872e140eb1cf5e7c522154d69e7a0ffb0fb81c06b37543f"

[[package]]
name = "syn"
version = "1.0.104"
source = "registry+https://github.com/rust-lang/crates.io-index"
checksum = "4ae548ec36cf198c0ef7710d3c230987c2d6d7bd98ad6edc0274462724c585ce"
dependencies = [
 "proc-macro2",
 "quote",
 "unicode-ident",
]

[[package]]
name = "syn"
version = "2.0.23"
source = "registry+https://github.com/rust-lang/crates.io-index"
checksum = "59fb7d6d8281a51045d62b8eb3a7d1ce347b76f312af50cd3dc0af39c87c1737"
dependencies = [
 "proc-macro2",
 "quote",
 "unicode-ident",
]

[[package]]
name = "tempfile"
version = "3.8.0"
source = "registry+https://github.com/rust-lang/crates.io-index"
checksum = "cb94d2f3cc536af71caac6b6fcebf65860b347e7ce0cc9ebe8f70d3e521054ef"
dependencies = [
 "cfg-if",
 "fastrand",
 "redox_syscall",
 "rustix 0.38.3",
 "windows-sys",
]

[[package]]
name = "termcolor"
version = "1.1.3"
source = "registry+https://github.com/rust-lang/crates.io-index"
checksum = "bab24d30b911b2376f3a13cc2cd443142f0c81dda04c118693e35b3835757755"
dependencies = [
 "winapi-util",
]

[[package]]
name = "thiserror"
version = "1.0.48"
source = "registry+https://github.com/rust-lang/crates.io-index"
checksum = "9d6d7a740b8a666a7e828dd00da9c0dc290dff53154ea77ac109281de90589b7"
dependencies = [
 "thiserror-impl",
]

[[package]]
name = "thiserror-impl"
version = "1.0.48"
source = "registry+https://github.com/rust-lang/crates.io-index"
checksum = "49922ecae66cc8a249b77e68d1d0623c1b2c514f0060c27cdc68bd62a1219d35"
dependencies = [
 "proc-macro2",
 "quote",
 "syn 2.0.23",
]

[[package]]
name = "tinytemplate"
version = "1.2.1"
source = "registry+https://github.com/rust-lang/crates.io-index"
checksum = "be4d6b5f19ff7664e8c98d03e2139cb510db9b0a60b55f8e8709b689d939b6bc"
dependencies = [
 "serde",
 "serde_json",
]

[[package]]
name = "twox-hash"
version = "1.6.3"
source = "registry+https://github.com/rust-lang/crates.io-index"
checksum = "97fee6b57c6a41524a810daee9286c02d7752c4253064d0b05472833a438f675"
dependencies = [
 "cfg-if",
 "rand",
 "static_assertions",
]

[[package]]
name = "typed-builder"
version = "0.14.0"
source = "registry+https://github.com/rust-lang/crates.io-index"
checksum = "64cba322cb9b7bc6ca048de49e83918223f35e7a86311267013afff257004870"
dependencies = [
 "proc-macro2",
 "quote",
 "syn 1.0.104",
]

[[package]]
name = "unarray"
version = "0.1.4"
source = "registry+https://github.com/rust-lang/crates.io-index"
checksum = "eaea85b334db583fe3274d12b4cd1880032beab409c0d774be044d4480ab9a94"

[[package]]
name = "unicode-ident"
version = "1.0.5"
source = "registry+https://github.com/rust-lang/crates.io-index"
checksum = "6ceab39d59e4c9499d4e5a8ee0e2735b891bb7308ac83dfb4e80cad195c9f6f3"

[[package]]
name = "unicode-width"
version = "0.1.9"
source = "registry+https://github.com/rust-lang/crates.io-index"
checksum = "3ed742d4ea2bd1176e236172c8429aaf54486e7ac098db29ffe6529e0ce50973"

[[package]]
name = "vec-collections"
version = "0.3.6"
source = "registry+https://github.com/rust-lang/crates.io-index"
checksum = "4f2390c4dc8ae8640c57d067b1a3d40bc05c124cc6bc7394d761b53435d41b76"
dependencies = [
 "num-traits",
 "serde",
 "smallvec",
 "sorted-iter",
]

[[package]]
name = "version_check"
version = "0.9.4"
source = "registry+https://github.com/rust-lang/crates.io-index"
checksum = "49874b5167b65d7193b8aba1567f5c7d93d001cafc34600cee003eda787e483f"

[[package]]
name = "walkdir"
version = "2.3.2"
source = "registry+https://github.com/rust-lang/crates.io-index"
checksum = "808cf2735cd4b6866113f648b791c6adc5714537bc222d9347bb203386ffda56"
dependencies = [
 "same-file",
 "winapi",
 "winapi-util",
]

[[package]]
name = "wasi"
version = "0.11.0+wasi-snapshot-preview1"
source = "registry+https://github.com/rust-lang/crates.io-index"
checksum = "9c8d87e72b64a3b4db28d11ce29237c246188f4f51057d65a7eab63b7987e423"

[[package]]
name = "wasm-bindgen"
version = "0.2.87"
source = "registry+https://github.com/rust-lang/crates.io-index"
checksum = "7706a72ab36d8cb1f80ffbf0e071533974a60d0a308d01a5d0375bf60499a342"
dependencies = [
 "cfg-if",
 "serde",
 "serde_json",
 "wasm-bindgen-macro",
]

[[package]]
name = "wasm-bindgen-backend"
version = "0.2.87"
source = "registry+https://github.com/rust-lang/crates.io-index"
checksum = "5ef2b6d3c510e9625e5fe6f509ab07d66a760f0885d858736483c32ed7809abd"
dependencies = [
 "bumpalo",
 "log",
 "once_cell",
 "proc-macro2",
 "quote",
 "syn 2.0.23",
 "wasm-bindgen-shared",
]

[[package]]
name = "wasm-bindgen-futures"
version = "0.4.37"
source = "registry+https://github.com/rust-lang/crates.io-index"
checksum = "c02dbc21516f9f1f04f187958890d7e6026df8d16540b7ad9492bc34a67cea03"
dependencies = [
 "cfg-if",
 "js-sys",
 "wasm-bindgen",
 "web-sys",
]

[[package]]
name = "wasm-bindgen-macro"
version = "0.2.87"
source = "registry+https://github.com/rust-lang/crates.io-index"
checksum = "dee495e55982a3bd48105a7b947fd2a9b4a8ae3010041b9e0faab3f9cd028f1d"
dependencies = [
 "quote",
 "wasm-bindgen-macro-support",
]

[[package]]
name = "wasm-bindgen-macro-support"
version = "0.2.87"
source = "registry+https://github.com/rust-lang/crates.io-index"
checksum = "54681b18a46765f095758388f2d0cf16eb8d4169b639ab575a8f5693af210c7b"
dependencies = [
 "proc-macro2",
 "quote",
 "syn 2.0.23",
 "wasm-bindgen-backend",
 "wasm-bindgen-shared",
]

[[package]]
name = "wasm-bindgen-shared"
version = "0.2.87"
source = "registry+https://github.com/rust-lang/crates.io-index"
checksum = "ca6ad05a4870b2bf5fe995117d3728437bd27d7cd5f06f13c17443ef369775a1"

[[package]]
name = "wasm-bindgen-test"
version = "0.3.37"
source = "registry+https://github.com/rust-lang/crates.io-index"
checksum = "6e6e302a7ea94f83a6d09e78e7dc7d9ca7b186bc2829c24a22d0753efd680671"
dependencies = [
 "console_error_panic_hook",
 "js-sys",
 "scoped-tls",
 "wasm-bindgen",
 "wasm-bindgen-futures",
 "wasm-bindgen-test-macro",
]

[[package]]
name = "wasm-bindgen-test-macro"
version = "0.3.37"
source = "registry+https://github.com/rust-lang/crates.io-index"
checksum = "ecb993dd8c836930ed130e020e77d9b2e65dd0fbab1b67c790b0f5d80b11a575"
dependencies = [
 "proc-macro2",
 "quote",
]

[[package]]
name = "web-sys"
version = "0.3.64"
source = "registry+https://github.com/rust-lang/crates.io-index"
checksum = "9b85cbef8c220a6abc02aefd892dfc0fc23afb1c6a426316ec33253a3877249b"
dependencies = [
 "js-sys",
 "wasm-bindgen",
]

[[package]]
name = "winapi"
version = "0.3.9"
source = "registry+https://github.com/rust-lang/crates.io-index"
checksum = "5c839a674fcd7a98952e593242ea400abe93992746761e38641405d28b00f419"
dependencies = [
 "winapi-i686-pc-windows-gnu",
 "winapi-x86_64-pc-windows-gnu",
]

[[package]]
name = "winapi-i686-pc-windows-gnu"
version = "0.4.0"
source = "registry+https://github.com/rust-lang/crates.io-index"
checksum = "ac3b87c63620426dd9b991e5ce0329eff545bccbbb34f3be09ff6fb6ab51b7b6"

[[package]]
name = "winapi-util"
version = "0.1.5"
source = "registry+https://github.com/rust-lang/crates.io-index"
checksum = "70ec6ce85bb158151cae5e5c87f95a8e97d2c0c4b001223f33a334e3ce5de178"
dependencies = [
 "winapi",
]

[[package]]
name = "winapi-x86_64-pc-windows-gnu"
version = "0.4.0"
source = "registry+https://github.com/rust-lang/crates.io-index"
checksum = "712e227841d057c1ee1cd2fb22fa7e5a5461ae8e48fa2ca79ec42cfc1931183f"

[[package]]
name = "windows-sys"
version = "0.48.0"
source = "registry+https://github.com/rust-lang/crates.io-index"
checksum = "677d2418bec65e3338edb076e806bc1ec15693c5d0104683f2efe857f61056a9"
dependencies = [
 "windows-targets",
]

[[package]]
name = "windows-targets"
version = "0.48.0"
source = "registry+https://github.com/rust-lang/crates.io-index"
checksum = "7b1eb6f0cd7c80c79759c929114ef071b87354ce476d9d94271031c0497adfd5"
dependencies = [
 "windows_aarch64_gnullvm",
 "windows_aarch64_msvc",
 "windows_i686_gnu",
 "windows_i686_msvc",
 "windows_x86_64_gnu",
 "windows_x86_64_gnullvm",
 "windows_x86_64_msvc",
]

[[package]]
name = "windows_aarch64_gnullvm"
version = "0.48.0"
source = "registry+https://github.com/rust-lang/crates.io-index"
checksum = "91ae572e1b79dba883e0d315474df7305d12f569b400fcf90581b06062f7e1bc"

[[package]]
name = "windows_aarch64_msvc"
version = "0.48.0"
source = "registry+https://github.com/rust-lang/crates.io-index"
checksum = "b2ef27e0d7bdfcfc7b868b317c1d32c641a6fe4629c171b8928c7b08d98d7cf3"

[[package]]
name = "windows_i686_gnu"
version = "0.48.0"
source = "registry+https://github.com/rust-lang/crates.io-index"
checksum = "622a1962a7db830d6fd0a69683c80a18fda201879f0f447f065a3b7467daa241"

[[package]]
name = "windows_i686_msvc"
version = "0.48.0"
source = "registry+https://github.com/rust-lang/crates.io-index"
checksum = "4542c6e364ce21bf45d69fdd2a8e455fa38d316158cfd43b3ac1c5b1b19f8e00"

[[package]]
name = "windows_x86_64_gnu"
version = "0.48.0"
source = "registry+https://github.com/rust-lang/crates.io-index"
checksum = "ca2b8a661f7628cbd23440e50b05d705db3686f894fc9580820623656af974b1"

[[package]]
name = "windows_x86_64_gnullvm"
version = "0.48.0"
source = "registry+https://github.com/rust-lang/crates.io-index"
checksum = "7896dbc1f41e08872e9d5e8f8baa8fdd2677f29468c4e156210174edc7f7b953"

[[package]]
name = "windows_x86_64_msvc"
version = "0.48.0"
source = "registry+https://github.com/rust-lang/crates.io-index"
checksum = "1a515f5799fe4961cb532f983ce2b23082366b898e52ffbce459c86f67c8378a"

[[package]]
name = "xz2"
version = "0.1.6"
source = "registry+https://github.com/rust-lang/crates.io-index"
checksum = "c179869f34fc7c01830d3ce7ea2086bc3a07e0d35289b667d0a8bf910258926c"
dependencies = [
 "lzma-sys",
]
