{
  "nodes": {
    "nixpkgs": {
      "locked": {
        "lastModified": 1701589523,
        "narHash": "sha256-7LK019+Y9khM18WjIt4ISK2yd1P5z+CXJq0ts+E13UA=",
        "owner": "NixOS",
        "repo": "nixpkgs",
        "rev": "ec04772e7516b6d58d98b491e68b329b7558b14d",
        "type": "github"
      },
      "original": {
        "owner": "NixOS",
        "ref": "nixpkgs-unstable",
        "repo": "nixpkgs",
        "type": "github"
      }
    },
    "root": {
      "inputs": {
        "nixpkgs": "nixpkgs",
        "rust-overlay": "rust-overlay",
        "utils": "utils"
      }
    },
    "rust-overlay": {
      "inputs": {
        "flake-utils": [
          "utils"
        ],
        "nixpkgs": [
          "nixpkgs"
        ]
      },
      "locked": {
        "lastModified": 1701569797,
        "narHash": "sha256-ObvQFAPpC5IVbI2GHedSTQVzYxht2qhBgHHQnh3mYTs=",
        "owner": "oxalica",
        "repo": "rust-overlay",
        "rev": "516c9477757b628b157780d96d84e8c82b46dc99",
        "type": "github"
      },
      "original": {
        "owner": "oxalica",
        "repo": "rust-overlay",
        "type": "github"
      }
    },
    "systems": {
      "locked": {
        "lastModified": 1681028828,
        "narHash": "sha256-Vy1rq5AaRuLzOxct8nz4T6wlgyUR7zLU309k9mBC768=",
        "owner": "nix-systems",
        "repo": "default",
        "rev": "da67096a3b9bf56a91d16901293e51ba5b49a27e",
        "type": "github"
      },
      "original": {
        "owner": "nix-systems",
        "repo": "default",
        "type": "github"
      }
    },
    "utils": {
      "inputs": {
        "systems": "systems"
      },
      "locked": {
        "lastModified": 1694529238,
        "narHash": "sha256-zsNZZGTGnMOf9YpHKJqMSsa0dXbfmxeoJ7xHlrt+xmY=",
        "owner": "numtide",
        "repo": "flake-utils",
        "rev": "ff7b65b44d01cf9ba6a71320833626af21126384",
        "type": "github"
      },
      "original": {
        "owner": "numtide",
        "repo": "flake-utils",
        "type": "github"
      }
    }
  },
  "root": "root",
  "version": 7
}
